
Microsoft Visual Studio Solution File, Format Version 12.00
# Visual Studio Version 16
VisualStudioVersion = 16.0.30011.22
MinimumVisualStudioVersion = 10.0.40219.1
Project("{FAE04EC0-301F-11D3-BF4B-00C04F79EFBC}") = "Exercice", "Exercices_Algorithmie_Remi_Yanbuaban\Exercice.csproj", "{30C37DB8-E3A7-4721-9F58-1DD27FC9E627}"
EndProject
Global
	GlobalSection(SolutionConfigurationPlatforms) = preSolution
		Debug|Any CPU = Debug|Any CPU
		Release|Any CPU = Release|Any CPU
	EndGlobalSection
	GlobalSection(ProjectConfigurationPlatforms) = postSolution
		{30C37DB8-E3A7-4721-9F58-1DD27FC9E627}.Debug|Any CPU.ActiveCfg = Debug|Any CPU
		{30C37DB8-E3A7-4721-9F58-1DD27FC9E627}.Debug|Any CPU.Build.0 = Debug|Any CPU
		{30C37DB8-E3A7-4721-9F58-1DD27FC9E627}.Release|Any CPU.ActiveCfg = Release|Any CPU
		{30C37DB8-E3A7-4721-9F58-1DD27FC9E627}.Release|Any CPU.Build.0 = Release|Any CPU
	EndGlobalSection
	GlobalSection(SolutionProperties) = preSolution
		HideSolutionNode = FALSE
	EndGlobalSection
	GlobalSection(ExtensibilityGlobals) = postSolution
		SolutionGuid = {47FD8147-0953-42B6-A405-EAEAB4AD9D19}
	EndGlobalSection
EndGlobal
